// !$*UTF8*$!
{
	archiveVersion = 1;
	classes = {
	};
	objectVersion = 50;
	objects = {

/* Begin PBXBuildFile section */
		307F2DC724910A1D004E7866 /* AppDelegate.swift in Sources */ = {isa = PBXBuildFile; fileRef = 307F2DC624910A1D004E7866 /* AppDelegate.swift */; };
		307F2DCB24910A1D004E7866 /* ViewController.swift in Sources */ = {isa = PBXBuildFile; fileRef = 307F2DCA24910A1D004E7866 /* ViewController.swift */; };
		307F2DCE24910A1D004E7866 /* Main.storyboard in Resources */ = {isa = PBXBuildFile; fileRef = 307F2DCC24910A1D004E7866 /* Main.storyboard */; };
		307F2DD024910A20004E7866 /* Assets.xcassets in Resources */ = {isa = PBXBuildFile; fileRef = 307F2DCF24910A20004E7866 /* Assets.xcassets */; };
		307F2DD324910A20004E7866 /* LaunchScreen.storyboard in Resources */ = {isa = PBXBuildFile; fileRef = 307F2DD124910A20004E7866 /* LaunchScreen.storyboard */; };
		307F2DDB24912BA9004E7866 /* ExamplesTableViewController.swift in Sources */ = {isa = PBXBuildFile; fileRef = 307F2DDA24912BA9004E7866 /* ExamplesTableViewController.swift */; };
		307F2DE024912F14004E7866 /* DrawSquareViewController.swift in Sources */ = {isa = PBXBuildFile; fileRef = 307F2DDF24912F14004E7866 /* DrawSquareViewController.swift */; };
		307F2DE224963103004E7866 /* CubeViewController.swift in Sources */ = {isa = PBXBuildFile; fileRef = 307F2DE124963103004E7866 /* CubeViewController.swift */; };
/* End PBXBuildFile section */

/* Begin PBXFileReference section */
		307F2DC324910A1D004E7866 /* OpenGLES-Samples.app */ = {isa = PBXFileReference; explicitFileType = wrapper.application; includeInIndex = 0; path = "OpenGLES-Samples.app"; sourceTree = BUILT_PRODUCTS_DIR; };
		307F2DC624910A1D004E7866 /* AppDelegate.swift */ = {isa = PBXFileReference; lastKnownFileType = sourcecode.swift; path = AppDelegate.swift; sourceTree = "<group>"; };
		307F2DCA24910A1D004E7866 /* ViewController.swift */ = {isa = PBXFileReference; lastKnownFileType = sourcecode.swift; path = ViewController.swift; sourceTree = "<group>"; };
		307F2DCD24910A1D004E7866 /* Base */ = {isa = PBXFileReference; lastKnownFileType = file.storyboard; name = Base; path = Base.lproj/Main.storyboard; sourceTree = "<group>"; };
		307F2DCF24910A20004E7866 /* Assets.xcassets */ = {isa = PBXFileReference; lastKnownFileType = folder.assetcatalog; path = Assets.xcassets; sourceTree = "<group>"; };
		307F2DD224910A20004E7866 /* Base */ = {isa = PBXFileReference; lastKnownFileType = file.storyboard; name = Base; path = Base.lproj/LaunchScreen.storyboard; sourceTree = "<group>"; };
		307F2DD424910A20004E7866 /* Info.plist */ = {isa = PBXFileReference; lastKnownFileType = text.plist.xml; path = Info.plist; sourceTree = "<group>"; };
		307F2DDA24912BA9004E7866 /* ExamplesTableViewController.swift */ = {isa = PBXFileReference; lastKnownFileType = sourcecode.swift; path = ExamplesTableViewController.swift; sourceTree = "<group>"; };
		307F2DDF24912F14004E7866 /* DrawSquareViewController.swift */ = {isa = PBXFileReference; lastKnownFileType = sourcecode.swift; path = DrawSquareViewController.swift; sourceTree = "<group>"; };
		307F2DE124963103004E7866 /* CubeViewController.swift */ = {isa = PBXFileReference; lastKnownFileType = sourcecode.swift; path = CubeViewController.swift; sourceTree = "<group>"; };
/* End PBXFileReference section */

/* Begin PBXFrameworksBuildPhase section */
		307F2DC024910A1D004E7866 /* Frameworks */ = {
			isa = PBXFrameworksBuildPhase;
			buildActionMask = 2147483647;
			files = (
			);
			runOnlyForDeploymentPostprocessing = 0;
		};
/* End PBXFrameworksBuildPhase section */

/* Begin PBXGroup section */
		307F2DBA24910A1D004E7866 = {
			isa = PBXGroup;
			children = (
				307F2DC524910A1D004E7866 /* OpenGLES-Samples */,
				307F2DC424910A1D004E7866 /* Products */,
			);
			sourceTree = "<group>";
		};
		307F2DC424910A1D004E7866 /* Products */ = {
			isa = PBXGroup;
			children = (
				307F2DC324910A1D004E7866 /* OpenGLES-Samples.app */,
			);
			name = Products;
			sourceTree = "<group>";
		};
		307F2DC524910A1D004E7866 /* OpenGLES-Samples */ = {
			isa = PBXGroup;
			children = (
				307F2DC624910A1D004E7866 /* AppDelegate.swift */,
				307F2DDA24912BA9004E7866 /* ExamplesTableViewController.swift */,
				307F2DCA24910A1D004E7866 /* ViewController.swift */,
				307F2DDF24912F14004E7866 /* DrawSquareViewController.swift */,
				307F2DE124963103004E7866 /* CubeViewController.swift */,
				307F2DCC24910A1D004E7866 /* Main.storyboard */,
				307F2DCF24910A20004E7866 /* Assets.xcassets */,
				307F2DD124910A20004E7866 /* LaunchScreen.storyboard */,
				307F2DD424910A20004E7866 /* Info.plist */,
			);
			path = "OpenGLES-Samples";
			sourceTree = "<group>";
		};
/* End PBXGroup section */

/* Begin PBXNativeTarget section */
		307F2DC224910A1D004E7866 /* OpenGLES-Samples */ = {
			isa = PBXNativeTarget;
			buildConfigurationList = 307F2DD724910A20004E7866 /* Build configuration list for PBXNativeTarget "OpenGLES-Samples" */;
			buildPhases = (
				307F2DBF24910A1D004E7866 /* Sources */,
				307F2DC024910A1D004E7866 /* Frameworks */,
				307F2DC124910A1D004E7866 /* Resources */,
			);
			buildRules = (
			);
			dependencies = (
			);
			name = "OpenGLES-Samples";
			productName = "OpenGLES-Samples";
			productReference = 307F2DC324910A1D004E7866 /* OpenGLES-Samples.app */;
			productType = "com.apple.product-type.application";
		};
/* End PBXNativeTarget section */

/* Begin PBXProject section */
		307F2DBB24910A1D004E7866 /* Project object */ = {
			isa = PBXProject;
			attributes = {
				LastSwiftUpdateCheck = 1130;
				LastUpgradeCheck = 1130;
				ORGANIZATIONNAME = BLU;
				TargetAttributes = {
					307F2DC224910A1D004E7866 = {
						CreatedOnToolsVersion = 11.3;
					};
				};
			};
			buildConfigurationList = 307F2DBE24910A1D004E7866 /* Build configuration list for PBXProject "OpenGLES-Samples" */;
			compatibilityVersion = "Xcode 9.3";
			developmentRegion = en;
			hasScannedForEncodings = 0;
			knownRegions = (
				en,
				Base,
			);
			mainGroup = 307F2DBA24910A1D004E7866;
			productRefGroup = 307F2DC424910A1D004E7866 /* Products */;
			projectDirPath = "";
			projectRoot = "";
			targets = (
				307F2DC224910A1D004E7866 /* OpenGLES-Samples */,
			);
		};
/* End PBXProject section */

/* Begin PBXResourcesBuildPhase section */
		307F2DC124910A1D004E7866 /* Resources */ = {
			isa = PBXResourcesBuildPhase;
			buildActionMask = 2147483647;
			files = (
				307F2DD324910A20004E7866 /* LaunchScreen.storyboard in Resources */,
				307F2DD024910A20004E7866 /* Assets.xcassets in Resources */,
				307F2DCE24910A1D004E7866 /* Main.storyboard in Resources */,
			);
			runOnlyForDeploymentPostprocessing = 0;
		};
/* End PBXResourcesBuildPhase section */

/* Begin PBXSourcesBuildPhase section */
		307F2DBF24910A1D004E7866 /* Sources */ = {
			isa = PBXSourcesBuildPhase;
			buildActionMask = 2147483647;
			files = (
				307F2DCB24910A1D004E7866 /* ViewController.swift in Sources */,
				307F2DDB24912BA9004E7866 /* ExamplesTableViewController.swift in Sources */,
				307F2DC724910A1D004E7866 /* AppDelegate.swift in Sources */,
				307F2DE224963103004E7866 /* CubeViewController.swift in Sources */,
				307F2DE024912F14004E7866 /* DrawSquareViewController.swift in Sources */,
			);
			runOnlyForDeploymentPostprocessing = 0;
		};
/* End PBXSourcesBuildPhase section */

/* Begin PBXVariantGroup section */
		307F2DCC24910A1D004E7866 /* Main.storyboard */ = {
			isa = PBXVariantGroup;
			children = (
				307F2DCD24910A1D004E7866 /* Base */,
			);
			name = Main.storyboard;
			sourceTree = "<group>";
		};
		307F2DD124910A20004E7866 /* LaunchScreen.storyboard */ = {
			isa = PBXVariantGroup;
			children = (
				307F2DD224910A20004E7866 /* Base */,
			);
			name = LaunchScreen.storyboard;
			sourceTree = "<group>";
		};
/* End PBXVariantGroup section */

/* Begin XCBuildConfiguration section */
		307F2DD524910A20004E7866 /* Debug */ = {
			isa = XCBuildConfiguration;
			buildSettings = {
				ALWAYS_SEARCH_USER_PATHS = NO;
				CLANG_ANALYZER_NONNULL = YES;
				CLANG_ANALYZER_NUMBER_OBJECT_CONVERSION = YES_AGGRESSIVE;
				CLANG_CXX_LANGUAGE_STANDARD = "gnu++14";
				CLANG_CXX_LIBRARY = "libc++";
				CLANG_ENABLE_MODULES = YES;
				CLANG_ENABLE_OBJC_ARC = YES;
				CLANG_ENABLE_OBJC_WEAK = YES;
				CLANG_WARN_BLOCK_CAPTURE_AUTORELEASING = YES;
				CLANG_WARN_BOOL_CONVERSION = YES;
				CLANG_WARN_COMMA = YES;
				CLANG_WARN_CONSTANT_CONVERSION = YES;
				CLANG_WARN_DEPRECATED_OBJC_IMPLEMENTATIONS = YES;
				CLANG_WARN_DIRECT_OBJC_ISA_USAGE = YES_ERROR;
				CLANG_WARN_DOCUMENTATION_COMMENTS = YES;
				CLANG_WARN_EMPTY_BODY = YES;
				CLANG_WARN_ENUM_CONVERSION = YES;
				CLANG_WARN_INFINITE_RECURSION = YES;
				CLANG_WARN_INT_CONVERSION = YES;
				CLANG_WARN_NON_LITERAL_NULL_CONVERSION = YES;
				CLANG_WARN_OBJC_IMPLICIT_RETAIN_SELF = YES;
				CLANG_WARN_OBJC_LITERAL_CONVERSION = YES;
				CLANG_WARN_OBJC_ROOT_CLASS = YES_ERROR;
				CLANG_WARN_RANGE_LOOP_ANALYSIS = YES;
				CLANG_WARN_STRICT_PROTOTYPES = YES;
				CLANG_WARN_SUSPICIOUS_MOVE = YES;
				CLANG_WARN_UNGUARDED_AVAILABILITY = YES_AGGRESSIVE;
				CLANG_WARN_UNREACHABLE_CODE = YES;
				CLANG_WARN__DUPLICATE_METHOD_MATCH = YES;
				COPY_PHASE_STRIP = NO;
				DEBUG_INFORMATION_FORMAT = dwarf;
				ENABLE_STRICT_OBJC_MSGSEND = YES;
				ENABLE_TESTABILITY = YES;
				GCC_C_LANGUAGE_STANDARD = gnu11;
				GCC_DYNAMIC_NO_PIC = NO;
				GCC_NO_COMMON_BLOCKS = YES;
				GCC_OPTIMIZATION_LEVEL = 0;
				GCC_PREPROCESSOR_DEFINITIONS = (
					"DEBUG=1",
					"$(inherited)",
				);
				GCC_WARN_64_TO_32_BIT_CONVERSION = YES;
				GCC_WARN_ABOUT_DEPRECATED_FUNCTIONS = NO;
				GCC_WARN_ABOUT_RETURN_TYPE = YES_ERROR;
				GCC_WARN_UNDECLARED_SELECTOR = YES;
				GCC_WARN_UNINITIALIZED_AUTOS = YES_AGGRESSIVE;
				GCC_WARN_UNUSED_FUNCTION = YES;
				GCC_WARN_UNUSED_VARIABLE = YES;
				IPHONEOS_DEPLOYMENT_TARGET = 13.2;
				MTL_ENABLE_DEBUG_INFO = INCLUDE_SOURCE;
				MTL_FAST_MATH = YES;
				ONLY_ACTIVE_ARCH = YES;
				SDKROOT = iphoneos;
				SWIFT_ACTIVE_COMPILATION_CONDITIONS = DEBUG;
				SWIFT_OPTIMIZATION_LEVEL = "-Onone";
			};
			name = Debug;
		};
		307F2DD624910A20004E7866 /* Release */ = {
			isa = XCBuildConfiguration;
			buildSettings = {
				ALWAYS_SEARCH_USER_PATHS = NO;
				CLANG_ANALYZER_NONNULL = YES;
				CLANG_ANALYZER_NUMBER_OBJECT_CONVERSION = YES_AGGRESSIVE;
				CLANG_CXX_LANGUAGE_STANDARD = "gnu++14";
				CLANG_CXX_LIBRARY = "libc++";
				CLANG_ENABLE_MODULES = YES;
				CLANG_ENABLE_OBJC_ARC = YES;
				CLANG_ENABLE_OBJC_WEAK = YES;
				CLANG_WARN_BLOCK_CAPTURE_AUTORELEASING = YES;
				CLANG_WARN_BOOL_CONVERSION = YES;
				CLANG_WARN_COMMA = YES;
				CLANG_WARN_CONSTANT_CONVERSION = YES;
				CLANG_WARN_DEPRECATED_OBJC_IMPLEMENTATIONS = YES;
				CLANG_WARN_DIRECT_OBJC_ISA_USAGE = YES_ERROR;
				CLANG_WARN_DOCUMENTATION_COMMENTS = YES;
				CLANG_WARN_EMPTY_BODY = YES;
				CLANG_WARN_ENUM_CONVERSION = YES;
				CLANG_WARN_INFINITE_RECURSION = YES;
				CLANG_WARN_INT_CONVERSION = YES;
				CLANG_WARN_NON_LITERAL_NULL_CONVERSION = YES;
				CLANG_WARN_OBJC_IMPLICIT_RETAIN_SELF = YES;
				CLANG_WARN_OBJC_LITERAL_CONVERSION = YES;
				CLANG_WARN_OBJC_ROOT_CLASS = YES_ERROR;
				CLANG_WARN_RANGE_LOOP_ANALYSIS = YES;
				CLANG_WARN_STRICT_PROTOTYPES = YES;
				CLANG_WARN_SUSPICIOUS_MOVE = YES;
				CLANG_WARN_UNGUARDED_AVAILABILITY = YES_AGGRESSIVE;
				CLANG_WARN_UNREACHABLE_CODE = YES;
				CLANG_WARN__DUPLICATE_METHOD_MATCH = YES;
				COPY_PHASE_STRIP = NO;
				DEBUG_INFORMATION_FORMAT = "dwarf-with-dsym";
				ENABLE_NS_ASSERTIONS = NO;
				ENABLE_STRICT_OBJC_MSGSEND = YES;
				GCC_C_LANGUAGE_STANDARD = gnu11;
				GCC_NO_COMMON_BLOCKS = YES;
				GCC_WARN_64_TO_32_BIT_CONVERSION = YES;
				GCC_WARN_ABOUT_DEPRECATED_FUNCTIONS = NO;
				GCC_WARN_ABOUT_RETURN_TYPE = YES_ERROR;
				GCC_WARN_UNDECLARED_SELECTOR = YES;
				GCC_WARN_UNINITIALIZED_AUTOS = YES_AGGRESSIVE;
				GCC_WARN_UNUSED_FUNCTION = YES;
				GCC_WARN_UNUSED_VARIABLE = YES;
				IPHONEOS_DEPLOYMENT_TARGET = 13.2;
				MTL_ENABLE_DEBUG_INFO = NO;
				MTL_FAST_MATH = YES;
				SDKROOT = iphoneos;
				SWIFT_COMPILATION_MODE = wholemodule;
				SWIFT_OPTIMIZATION_LEVEL = "-O";
				VALIDATE_PRODUCT = YES;
			};
			name = Release;
		};
		307F2DD824910A20004E7866 /* Debug */ = {
			isa = XCBuildConfiguration;
			buildSettings = {
				ASSETCATALOG_COMPILER_APPICON_NAME = AppIcon;
				CODE_SIGN_STYLE = Automatic;
				DEVELOPMENT_TEAM = Q988G87L89;
				INFOPLIST_FILE = "OpenGLES-Samples/Info.plist";
				LD_RUNPATH_SEARCH_PATHS = (
					"$(inherited)",
					"@executable_path/Frameworks",
				);
				PRODUCT_BUNDLE_IDENTIFIER = "BLU.OpenGLES-Samples";
				PRODUCT_NAME = "$(TARGET_NAME)";
				SWIFT_VERSION = 5.0;
				TARGETED_DEVICE_FAMILY = "1,2";
			};
			name = Debug;
		};
		307F2DD924910A20004E7866 /* Release */ = {
			isa = XCBuildConfiguration;
			buildSettings = {
				ASSETCATALOG_COMPILER_APPICON_NAME = AppIcon;
				CODE_SIGN_STYLE = Automatic;
				DEVELOPMENT_TEAM = Q988G87L89;
				INFOPLIST_FILE = "OpenGLES-Samples/Info.plist";
				LD_RUNPATH_SEARCH_PATHS = (
					"$(inherited)",
					"@executable_path/Frameworks",
				);
				PRODUCT_BUNDLE_IDENTIFIER = "BLU.OpenGLES-Samples";
				PRODUCT_NAME = "$(TARGET_NAME)";
				SWIFT_VERSION = 5.0;
				TARGETED_DEVICE_FAMILY = "1,2";
			};
			name = Release;
		};
/* End XCBuildConfiguration section */

/* Begin XCConfigurationList section */
		307F2DBE24910A1D004E7866 /* Build configuration list for PBXProject "OpenGLES-Samples" */ = {
			isa = XCConfigurationList;
			buildConfigurations = (
				307F2DD524910A20004E7866 /* Debug */,
				307F2DD624910A20004E7866 /* Release */,
			);
			defaultConfigurationIsVisible = 0;
			defaultConfigurationName = Release;
		};
		307F2DD724910A20004E7866 /* Build configuration list for PBXNativeTarget "OpenGLES-Samples" */ = {
			isa = XCConfigurationList;
			buildConfigurations = (
				307F2DD824910A20004E7866 /* Debug */,
				307F2DD924910A20004E7866 /* Release */,
			);
			defaultConfigurationIsVisible = 0;
			defaultConfigurationName = Release;
		};
/* End XCConfigurationList section */
	};
	rootObject = 307F2DBB24910A1D004E7866 /* Project object */;
}
